
Microsoft Visual Studio Solution File, Format Version 12.00
# Visual Studio Version 16
VisualStudioVersion = 16.0.30128.74
MinimumVisualStudioVersion = 15.0.26124.0
Project("{2150E333-8FDC-42A3-9474-1A3956D46DE8}") = "src", "src", "{4ED46D21-8085-4B75-B69F-03F6930C8425}"
EndProject
Project("{9A19103F-16F7-4668-BE54-9A1E7A4F7556}") = "IdentityServer", "src\IdentityServer\IdentityServer.csproj", "{D3A0A9C4-5F67-4A08-A97E-96E923BF62A4}"
EndProject
Project("{9A19103F-16F7-4668-BE54-9A1E7A4F7556}") = "API1", "src\API1\API1.csproj", "{1D08758A-6C3E-489D-B2B2-27D574BB8297}"
EndProject
Project("{9A19103F-16F7-4668-BE54-9A1E7A4F7556}") = "JavaScriptClient", "src\JavaScriptClient\JavaScriptClient.csproj", "{962700D6-D3D4-442E-85E0-AE3903CC1E6E}"
EndProject
Project("{9A19103F-16F7-4668-BE54-9A1E7A4F7556}") = "API2", "src\API2\API2.csproj", "{1285E114-2CBF-460F-88A2-5FAB710CF13F}"
EndProject
Project("{9A19103F-16F7-4668-BE54-9A1E7A4F7556}") = "JavaScriptClient2", "src\JavaScriptClient2\JavaScriptClient2.csproj", "{C526D875-1429-4BCA-ACD2-8BA4311CB720}"
EndProject
Project("{9A19103F-16F7-4668-BE54-9A1E7A4F7556}") = "JavaScriptClient3", "src\JavaScriptClient3\JavaScriptClient3.csproj", "{923996D6-04AF-4D45-851C-9F44F9147411}"
EndProject
Project("{9A19103F-16F7-4668-BE54-9A1E7A4F7556}") = "API3", "src\API3\API3.csproj", "{ACAF146C-66AC-4E1C-915F-573A6A970DAE}"
EndProject
Project("{9A19103F-16F7-4668-BE54-9A1E7A4F7556}") = "Client", "src\Client\Client.csproj", "{4D4F5BDF-86A0-4064-BF0B-0A4B1C67E552}"
EndProject
Global
	GlobalSection(SolutionConfigurationPlatforms) = preSolution
		Debug|Any CPU = Debug|Any CPU
		Debug|x64 = Debug|x64
		Debug|x86 = Debug|x86
		Release|Any CPU = Release|Any CPU
		Release|x64 = Release|x64
		Release|x86 = Release|x86
	EndGlobalSection
	GlobalSection(ProjectConfigurationPlatforms) = postSolution
		{D3A0A9C4-5F67-4A08-A97E-96E923BF62A4}.Debug|Any CPU.ActiveCfg = Debug|Any CPU
		{D3A0A9C4-5F67-4A08-A97E-96E923BF62A4}.Debug|Any CPU.Build.0 = Debug|Any CPU
		{D3A0A9C4-5F67-4A08-A97E-96E923BF62A4}.Debug|x64.ActiveCfg = Debug|Any CPU
		{D3A0A9C4-5F67-4A08-A97E-96E923BF62A4}.Debug|x64.Build.0 = Debug|Any CPU
		{D3A0A9C4-5F67-4A08-A97E-96E923BF62A4}.Debug|x86.ActiveCfg = Debug|Any CPU
		{D3A0A9C4-5F67-4A08-A97E-96E923BF62A4}.Debug|x86.Build.0 = Debug|Any CPU
		{D3A0A9C4-5F67-4A08-A97E-96E923BF62A4}.Release|Any CPU.ActiveCfg = Release|Any CPU
		{D3A0A9C4-5F67-4A08-A97E-96E923BF62A4}.Release|Any CPU.Build.0 = Release|Any CPU
		{D3A0A9C4-5F67-4A08-A97E-96E923BF62A4}.Release|x64.ActiveCfg = Release|Any CPU
		{D3A0A9C4-5F67-4A08-A97E-96E923BF62A4}.Release|x64.Build.0 = Release|Any CPU
		{D3A0A9C4-5F67-4A08-A97E-96E923BF62A4}.Release|x86.ActiveCfg = Release|Any CPU
		{D3A0A9C4-5F67-4A08-A97E-96E923BF62A4}.Release|x86.Build.0 = Release|Any CPU
		{1D08758A-6C3E-489D-B2B2-27D574BB8297}.Debug|Any CPU.ActiveCfg = Debug|Any CPU
		{1D08758A-6C3E-489D-B2B2-27D574BB8297}.Debug|Any CPU.Build.0 = Debug|Any CPU
		{1D08758A-6C3E-489D-B2B2-27D574BB8297}.Debug|x64.ActiveCfg = Debug|Any CPU
		{1D08758A-6C3E-489D-B2B2-27D574BB8297}.Debug|x64.Build.0 = Debug|Any CPU
		{1D08758A-6C3E-489D-B2B2-27D574BB8297}.Debug|x86.ActiveCfg = Debug|Any CPU
		{1D08758A-6C3E-489D-B2B2-27D574BB8297}.Debug|x86.Build.0 = Debug|Any CPU
		{1D08758A-6C3E-489D-B2B2-27D574BB8297}.Release|Any CPU.ActiveCfg = Release|Any CPU
		{1D08758A-6C3E-489D-B2B2-27D574BB8297}.Release|Any CPU.Build.0 = Release|Any CPU
		{1D08758A-6C3E-489D-B2B2-27D574BB8297}.Release|x64.ActiveCfg = Release|Any CPU
		{1D08758A-6C3E-489D-B2B2-27D574BB8297}.Release|x64.Build.0 = Release|Any CPU
		{1D08758A-6C3E-489D-B2B2-27D574BB8297}.Release|x86.ActiveCfg = Release|Any CPU
		{1D08758A-6C3E-489D-B2B2-27D574BB8297}.Release|x86.Build.0 = Release|Any CPU
		{962700D6-D3D4-442E-85E0-AE3903CC1E6E}.Debug|Any CPU.ActiveCfg = Debug|Any CPU
		{962700D6-D3D4-442E-85E0-AE3903CC1E6E}.Debug|Any CPU.Build.0 = Debug|Any CPU
		{962700D6-D3D4-442E-85E0-AE3903CC1E6E}.Debug|x64.ActiveCfg = Debug|Any CPU
		{962700D6-D3D4-442E-85E0-AE3903CC1E6E}.Debug|x64.Build.0 = Debug|Any CPU
		{962700D6-D3D4-442E-85E0-AE3903CC1E6E}.Debug|x86.ActiveCfg = Debug|Any CPU
		{962700D6-D3D4-442E-85E0-AE3903CC1E6E}.Debug|x86.Build.0 = Debug|Any CPU
		{962700D6-D3D4-442E-85E0-AE3903CC1E6E}.Release|Any CPU.ActiveCfg = Release|Any CPU
		{962700D6-D3D4-442E-85E0-AE3903CC1E6E}.Release|Any CPU.Build.0 = Release|Any CPU
		{962700D6-D3D4-442E-85E0-AE3903CC1E6E}.Release|x64.ActiveCfg = Release|Any CPU
		{962700D6-D3D4-442E-85E0-AE3903CC1E6E}.Release|x64.Build.0 = Release|Any CPU
		{962700D6-D3D4-442E-85E0-AE3903CC1E6E}.Release|x86.ActiveCfg = Release|Any CPU
		{962700D6-D3D4-442E-85E0-AE3903CC1E6E}.Release|x86.Build.0 = Release|Any CPU
		{1285E114-2CBF-460F-88A2-5FAB710CF13F}.Debug|Any CPU.ActiveCfg = Debug|Any CPU
		{1285E114-2CBF-460F-88A2-5FAB710CF13F}.Debug|Any CPU.Build.0 = Debug|Any CPU
		{1285E114-2CBF-460F-88A2-5FAB710CF13F}.Debug|x64.ActiveCfg = Debug|Any CPU
		{1285E114-2CBF-460F-88A2-5FAB710CF13F}.Debug|x64.Build.0 = Debug|Any CPU
		{1285E114-2CBF-460F-88A2-5FAB710CF13F}.Debug|x86.ActiveCfg = Debug|Any CPU
		{1285E114-2CBF-460F-88A2-5FAB710CF13F}.Debug|x86.Build.0 = Debug|Any CPU
		{1285E114-2CBF-460F-88A2-5FAB710CF13F}.Release|Any CPU.ActiveCfg = Release|Any CPU
		{1285E114-2CBF-460F-88A2-5FAB710CF13F}.Release|Any CPU.Build.0 = Release|Any CPU
		{1285E114-2CBF-460F-88A2-5FAB710CF13F}.Release|x64.ActiveCfg = Release|Any CPU
		{1285E114-2CBF-460F-88A2-5FAB710CF13F}.Release|x64.Build.0 = Release|Any CPU
		{1285E114-2CBF-460F-88A2-5FAB710CF13F}.Release|x86.ActiveCfg = Release|Any CPU
		{1285E114-2CBF-460F-88A2-5FAB710CF13F}.Release|x86.Build.0 = Release|Any CPU
		{C526D875-1429-4BCA-ACD2-8BA4311CB720}.Debug|Any CPU.ActiveCfg = Debug|Any CPU
		{C526D875-1429-4BCA-ACD2-8BA4311CB720}.Debug|Any CPU.Build.0 = Debug|Any CPU
		{C526D875-1429-4BCA-ACD2-8BA4311CB720}.Debug|x64.ActiveCfg = Debug|Any CPU
		{C526D875-1429-4BCA-ACD2-8BA4311CB720}.Debug|x64.Build.0 = Debug|Any CPU
		{C526D875-1429-4BCA-ACD2-8BA4311CB720}.Debug|x86.ActiveCfg = Debug|Any CPU
		{C526D875-1429-4BCA-ACD2-8BA4311CB720}.Debug|x86.Build.0 = Debug|Any CPU
		{C526D875-1429-4BCA-ACD2-8BA4311CB720}.Release|Any CPU.ActiveCfg = Release|Any CPU
		{C526D875-1429-4BCA-ACD2-8BA4311CB720}.Release|Any CPU.Build.0 = Release|Any CPU
		{C526D875-1429-4BCA-ACD2-8BA4311CB720}.Release|x64.ActiveCfg = Release|Any CPU
		{C526D875-1429-4BCA-ACD2-8BA4311CB720}.Release|x64.Build.0 = Release|Any CPU
		{C526D875-1429-4BCA-ACD2-8BA4311CB720}.Release|x86.ActiveCfg = Release|Any CPU
		{C526D875-1429-4BCA-ACD2-8BA4311CB720}.Release|x86.Build.0 = Release|Any CPU
		{923996D6-04AF-4D45-851C-9F44F9147411}.Debug|Any CPU.ActiveCfg = Debug|Any CPU
		{923996D6-04AF-4D45-851C-9F44F9147411}.Debug|Any CPU.Build.0 = Debug|Any CPU
		{923996D6-04AF-4D45-851C-9F44F9147411}.Debug|x64.ActiveCfg = Debug|Any CPU
		{923996D6-04AF-4D45-851C-9F44F9147411}.Debug|x64.Build.0 = Debug|Any CPU
		{923996D6-04AF-4D45-851C-9F44F9147411}.Debug|x86.ActiveCfg = Debug|Any CPU
		{923996D6-04AF-4D45-851C-9F44F9147411}.Debug|x86.Build.0 = Debug|Any CPU
		{923996D6-04AF-4D45-851C-9F44F9147411}.Release|Any CPU.ActiveCfg = Release|Any CPU
		{923996D6-04AF-4D45-851C-9F44F9147411}.Release|Any CPU.Build.0 = Release|Any CPU
		{923996D6-04AF-4D45-851C-9F44F9147411}.Release|x64.ActiveCfg = Release|Any CPU
		{923996D6-04AF-4D45-851C-9F44F9147411}.Release|x64.Build.0 = Release|Any CPU
		{923996D6-04AF-4D45-851C-9F44F9147411}.Release|x86.ActiveCfg = Release|Any CPU
		{923996D6-04AF-4D45-851C-9F44F9147411}.Release|x86.Build.0 = Release|Any CPU
		{ACAF146C-66AC-4E1C-915F-573A6A970DAE}.Debug|Any CPU.ActiveCfg = Debug|Any CPU
		{ACAF146C-66AC-4E1C-915F-573A6A970DAE}.Debug|Any CPU.Build.0 = Debug|Any CPU
		{ACAF146C-66AC-4E1C-915F-573A6A970DAE}.Debug|x64.ActiveCfg = Debug|Any CPU
		{ACAF146C-66AC-4E1C-915F-573A6A970DAE}.Debug|x64.Build.0 = Debug|Any CPU
		{ACAF146C-66AC-4E1C-915F-573A6A970DAE}.Debug|x86.ActiveCfg = Debug|Any CPU
		{ACAF146C-66AC-4E1C-915F-573A6A970DAE}.Debug|x86.Build.0 = Debug|Any CPU
		{ACAF146C-66AC-4E1C-915F-573A6A970DAE}.Release|Any CPU.ActiveCfg = Release|Any CPU
		{ACAF146C-66AC-4E1C-915F-573A6A970DAE}.Release|Any CPU.Build.0 = Release|Any CPU
		{ACAF146C-66AC-4E1C-915F-573A6A970DAE}.Release|x64.ActiveCfg = Release|Any CPU
		{ACAF146C-66AC-4E1C-915F-573A6A970DAE}.Release|x64.Build.0 = Release|Any CPU
		{ACAF146C-66AC-4E1C-915F-573A6A970DAE}.Release|x86.ActiveCfg = Release|Any CPU
		{ACAF146C-66AC-4E1C-915F-573A6A970DAE}.Release|x86.Build.0 = Release|Any CPU
		{4D4F5BDF-86A0-4064-BF0B-0A4B1C67E552}.Debug|Any CPU.ActiveCfg = Debug|Any CPU
		{4D4F5BDF-86A0-4064-BF0B-0A4B1C67E552}.Debug|Any CPU.Build.0 = Debug|Any CPU
		{4D4F5BDF-86A0-4064-BF0B-0A4B1C67E552}.Debug|x64.ActiveCfg = Debug|Any CPU
		{4D4F5BDF-86A0-4064-BF0B-0A4B1C67E552}.Debug|x64.Build.0 = Debug|Any CPU
		{4D4F5BDF-86A0-4064-BF0B-0A4B1C67E552}.Debug|x86.ActiveCfg = Debug|Any CPU
		{4D4F5BDF-86A0-4064-BF0B-0A4B1C67E552}.Debug|x86.Build.0 = Debug|Any CPU
		{4D4F5BDF-86A0-4064-BF0B-0A4B1C67E552}.Release|Any CPU.ActiveCfg = Release|Any CPU
		{4D4F5BDF-86A0-4064-BF0B-0A4B1C67E552}.Release|Any CPU.Build.0 = Release|Any CPU
		{4D4F5BDF-86A0-4064-BF0B-0A4B1C67E552}.Release|x64.ActiveCfg = Release|Any CPU
		{4D4F5BDF-86A0-4064-BF0B-0A4B1C67E552}.Release|x64.Build.0 = Release|Any CPU
		{4D4F5BDF-86A0-4064-BF0B-0A4B1C67E552}.Release|x86.ActiveCfg = Release|Any CPU
		{4D4F5BDF-86A0-4064-BF0B-0A4B1C67E552}.Release|x86.Build.0 = Release|Any CPU
	EndGlobalSection
	GlobalSection(SolutionProperties) = preSolution
		HideSolutionNode = FALSE
	EndGlobalSection
	GlobalSection(NestedProjects) = preSolution
		{D3A0A9C4-5F67-4A08-A97E-96E923BF62A4} = {4ED46D21-8085-4B75-B69F-03F6930C8425}
		{1D08758A-6C3E-489D-B2B2-27D574BB8297} = {4ED46D21-8085-4B75-B69F-03F6930C8425}
		{962700D6-D3D4-442E-85E0-AE3903CC1E6E} = {4ED46D21-8085-4B75-B69F-03F6930C8425}
		{1285E114-2CBF-460F-88A2-5FAB710CF13F} = {4ED46D21-8085-4B75-B69F-03F6930C8425}
		{C526D875-1429-4BCA-ACD2-8BA4311CB720} = {4ED46D21-8085-4B75-B69F-03F6930C8425}
		{923996D6-04AF-4D45-851C-9F44F9147411} = {4ED46D21-8085-4B75-B69F-03F6930C8425}
		{ACAF146C-66AC-4E1C-915F-573A6A970DAE} = {4ED46D21-8085-4B75-B69F-03F6930C8425}
	EndGlobalSection
	GlobalSection(ExtensibilityGlobals) = postSolution
		SolutionGuid = {8DDC42F2-EC68-4C9A-AC9C-7BC98E13EA95}
	EndGlobalSection
EndGlobal
